
Microsoft Visual Studio Solution File, Format Version 12.00
# Visual Studio Version 16
VisualStudioVersion = 16.0.30011.22
MinimumVisualStudioVersion = 10.0.40219.1
Project("{FAE04EC0-301F-11D3-BF4B-00C04F79EFBC}") = "Hello World.UWP", "Hello World\Hello World.UWP\Hello World.UWP.csproj", "{FFA57939-9848-4516-9260-D61ADDD33A39}"
EndProject
Project("{FAE04EC0-301F-11D3-BF4B-00C04F79EFBC}") = "Hello World.Android", "Hello World\Hello World.Android\Hello World.Android.csproj", "{7FA2F06F-76EA-47D1-9D2D-86C67814F2AF}"
EndProject
Project("{FAE04EC0-301F-11D3-BF4B-00C04F79EFBC}") = "Hello World.iOS", "Hello World\Hello World.iOS\Hello World.iOS.csproj", "{572B92A7-10C3-4533-8144-EA8FBBE70E90}"
EndProject
Project("{FAE04EC0-301F-11D3-BF4B-00C04F79EFBC}") = "Hello World", "Hello World\Hello World\Hello World.csproj", "{0A72DDEC-3559-47BB-A430-5DD6AEA628B1}"
EndProject
Global
	GlobalSection(SolutionConfigurationPlatforms) = preSolution
		Debug|Any CPU = Debug|Any CPU
		Debug|ARM = Debug|ARM
		Debug|iPhone = Debug|iPhone
		Debug|iPhoneSimulator = Debug|iPhoneSimulator
		Debug|x64 = Debug|x64
		Debug|x86 = Debug|x86
		Release|Any CPU = Release|Any CPU
		Release|ARM = Release|ARM
		Release|iPhone = Release|iPhone
		Release|iPhoneSimulator = Release|iPhoneSimulator
		Release|x64 = Release|x64
		Release|x86 = Release|x86
	EndGlobalSection
	GlobalSection(ProjectConfigurationPlatforms) = postSolution
		{FFA57939-9848-4516-9260-D61ADDD33A39}.Debug|Any CPU.ActiveCfg = Debug|x86
		{FFA57939-9848-4516-9260-D61ADDD33A39}.Debug|Any CPU.Build.0 = Debug|x86
		{FFA57939-9848-4516-9260-D61ADDD33A39}.Debug|Any CPU.Deploy.0 = Debug|x86
		{FFA57939-9848-4516-9260-D61ADDD33A39}.Debug|ARM.ActiveCfg = Debug|ARM
		{FFA57939-9848-4516-9260-D61ADDD33A39}.Debug|ARM.Build.0 = Debug|ARM
		{FFA57939-9848-4516-9260-D61ADDD33A39}.Debug|ARM.Deploy.0 = Debug|ARM
		{FFA57939-9848-4516-9260-D61ADDD33A39}.Debug|iPhone.ActiveCfg = Debug|x86
		{FFA57939-9848-4516-9260-D61ADDD33A39}.Debug|iPhone.Build.0 = Debug|x86
		{FFA57939-9848-4516-9260-D61ADDD33A39}.Debug|iPhone.Deploy.0 = Debug|x86
		{FFA57939-9848-4516-9260-D61ADDD33A39}.Debug|iPhoneSimulator.ActiveCfg = Debug|x86
		{FFA57939-9848-4516-9260-D61ADDD33A39}.Debug|iPhoneSimulator.Build.0 = Debug|x86
		{FFA57939-9848-4516-9260-D61ADDD33A39}.Debug|iPhoneSimulator.Deploy.0 = Debug|x86
		{FFA57939-9848-4516-9260-D61ADDD33A39}.Debug|x64.ActiveCfg = Debug|x64
		{FFA57939-9848-4516-9260-D61ADDD33A39}.Debug|x64.Build.0 = Debug|x64
		{FFA57939-9848-4516-9260-D61ADDD33A39}.Debug|x64.Deploy.0 = Debug|x64
		{FFA57939-9848-4516-9260-D61ADDD33A39}.Debug|x86.ActiveCfg = Debug|x86
		{FFA57939-9848-4516-9260-D61ADDD33A39}.Debug|x86.Build.0 = Debug|x86
		{FFA57939-9848-4516-9260-D61ADDD33A39}.Debug|x86.Deploy.0 = Debug|x86
		{FFA57939-9848-4516-9260-D61ADDD33A39}.Release|Any CPU.ActiveCfg = Release|x86
		{FFA57939-9848-4516-9260-D61ADDD33A39}.Release|Any CPU.Build.0 = Release|x86
		{FFA57939-9848-4516-9260-D61ADDD33A39}.Release|Any CPU.Deploy.0 = Release|x86
		{FFA57939-9848-4516-9260-D61ADDD33A39}.Release|ARM.ActiveCfg = Release|ARM
		{FFA57939-9848-4516-9260-D61ADDD33A39}.Release|ARM.Build.0 = Release|ARM
		{FFA57939-9848-4516-9260-D61ADDD33A39}.Release|ARM.Deploy.0 = Release|ARM
		{FFA57939-9848-4516-9260-D61ADDD33A39}.Release|iPhone.ActiveCfg = Release|x86
		{FFA57939-9848-4516-9260-D61ADDD33A39}.Release|iPhone.Build.0 = Release|x86
		{FFA57939-9848-4516-9260-D61ADDD33A39}.Release|iPhone.Deploy.0 = Release|x86
		{FFA57939-9848-4516-9260-D61ADDD33A39}.Release|iPhoneSimulator.ActiveCfg = Release|x86
		{FFA57939-9848-4516-9260-D61ADDD33A39}.Release|iPhoneSimulator.Build.0 = Release|x86
		{FFA57939-9848-4516-9260-D61ADDD33A39}.Release|iPhoneSimulator.Deploy.0 = Release|x86
		{FFA57939-9848-4516-9260-D61ADDD33A39}.Release|x64.ActiveCfg = Release|x64
		{FFA57939-9848-4516-9260-D61ADDD33A39}.Release|x64.Build.0 = Release|x64
		{FFA57939-9848-4516-9260-D61ADDD33A39}.Release|x64.Deploy.0 = Release|x64
		{FFA57939-9848-4516-9260-D61ADDD33A39}.Release|x86.ActiveCfg = Release|x86
		{FFA57939-9848-4516-9260-D61ADDD33A39}.Release|x86.Build.0 = Release|x86
		{FFA57939-9848-4516-9260-D61ADDD33A39}.Release|x86.Deploy.0 = Release|x86
		{7FA2F06F-76EA-47D1-9D2D-86C67814F2AF}.Debug|Any CPU.ActiveCfg = Debug|Any CPU
		{7FA2F06F-76EA-47D1-9D2D-86C67814F2AF}.Debug|Any CPU.Build.0 = Debug|Any CPU
		{7FA2F06F-76EA-47D1-9D2D-86C67814F2AF}.Debug|Any CPU.Deploy.0 = Debug|Any CPU
		{7FA2F06F-76EA-47D1-9D2D-86C67814F2AF}.Debug|ARM.ActiveCfg = Debug|Any CPU
		{7FA2F06F-76EA-47D1-9D2D-86C67814F2AF}.Debug|ARM.Build.0 = Debug|Any CPU
		{7FA2F06F-76EA-47D1-9D2D-86C67814F2AF}.Debug|ARM.Deploy.0 = Debug|Any CPU
		{7FA2F06F-76EA-47D1-9D2D-86C67814F2AF}.Debug|iPhone.ActiveCfg = Debug|Any CPU
		{7FA2F06F-76EA-47D1-9D2D-86C67814F2AF}.Debug|iPhone.Build.0 = Debug|Any CPU
		{7FA2F06F-76EA-47D1-9D2D-86C67814F2AF}.Debug|iPhone.Deploy.0 = Debug|Any CPU
		{7FA2F06F-76EA-47D1-9D2D-86C67814F2AF}.Debug|iPhoneSimulator.ActiveCfg = Debug|Any CPU
		{7FA2F06F-76EA-47D1-9D2D-86C67814F2AF}.Debug|iPhoneSimulator.Build.0 = Debug|Any CPU
		{7FA2F06F-76EA-47D1-9D2D-86C67814F2AF}.Debug|iPhoneSimulator.Deploy.0 = Debug|Any CPU
		{7FA2F06F-76EA-47D1-9D2D-86C67814F2AF}.Debug|x64.ActiveCfg = Debug|Any CPU
		{7FA2F06F-76EA-47D1-9D2D-86C67814F2AF}.Debug|x64.Build.0 = Debug|Any CPU
		{7FA2F06F-76EA-47D1-9D2D-86C67814F2AF}.Debug|x64.Deploy.0 = Debug|Any CPU
		{7FA2F06F-76EA-47D1-9D2D-86C67814F2AF}.Debug|x86.ActiveCfg = Debug|Any CPU
		{7FA2F06F-76EA-47D1-9D2D-86C67814F2AF}.Debug|x86.Build.0 = Debug|Any CPU
		{7FA2F06F-76EA-47D1-9D2D-86C67814F2AF}.Debug|x86.Deploy.0 = Debug|Any CPU
		{7FA2F06F-76EA-47D1-9D2D-86C67814F2AF}.Release|Any CPU.ActiveCfg = Release|Any CPU
		{7FA2F06F-76EA-47D1-9D2D-86C67814F2AF}.Release|Any CPU.Build.0 = Release|Any CPU
		{7FA2F06F-76EA-47D1-9D2D-86C67814F2AF}.Release|Any CPU.Deploy.0 = Release|Any CPU
		{7FA2F06F-76EA-47D1-9D2D-86C67814F2AF}.Release|ARM.ActiveCfg = Release|Any CPU
		{7FA2F06F-76EA-47D1-9D2D-86C67814F2AF}.Release|ARM.Build.0 = Release|Any CPU
		{7FA2F06F-76EA-47D1-9D2D-86C67814F2AF}.Release|ARM.Deploy.0 = Release|Any CPU
		{7FA2F06F-76EA-47D1-9D2D-86C67814F2AF}.Release|iPhone.ActiveCfg = Release|Any CPU
		{7FA2F06F-76EA-47D1-9D2D-86C67814F2AF}.Release|iPhone.Build.0 = Release|Any CPU
		{7FA2F06F-76EA-47D1-9D2D-86C67814F2AF}.Release|iPhone.Deploy.0 = Release|Any CPU
		{7FA2F06F-76EA-47D1-9D2D-86C67814F2AF}.Release|iPhoneSimulator.ActiveCfg = Release|Any CPU
		{7FA2F06F-76EA-47D1-9D2D-86C67814F2AF}.Release|iPhoneSimulator.Build.0 = Release|Any CPU
		{7FA2F06F-76EA-47D1-9D2D-86C67814F2AF}.Release|iPhoneSimulator.Deploy.0 = Release|Any CPU
		{7FA2F06F-76EA-47D1-9D2D-86C67814F2AF}.Release|x64.ActiveCfg = Release|Any CPU
		{7FA2F06F-76EA-47D1-9D2D-86C67814F2AF}.Release|x64.Build.0 = Release|Any CPU
		{7FA2F06F-76EA-47D1-9D2D-86C67814F2AF}.Release|x64.Deploy.0 = Release|Any CPU
		{7FA2F06F-76EA-47D1-9D2D-86C67814F2AF}.Release|x86.ActiveCfg = Release|Any CPU
		{7FA2F06F-76EA-47D1-9D2D-86C67814F2AF}.Release|x86.Build.0 = Release|Any CPU
		{7FA2F06F-76EA-47D1-9D2D-86C67814F2AF}.Release|x86.Deploy.0 = Release|Any CPU
		{572B92A7-10C3-4533-8144-EA8FBBE70E90}.Debug|Any CPU.ActiveCfg = Debug|iPhone
		{572B92A7-10C3-4533-8144-EA8FBBE70E90}.Debug|Any CPU.Build.0 = Debug|iPhone
		{572B92A7-10C3-4533-8144-EA8FBBE70E90}.Debug|Any CPU.Deploy.0 = Debug|iPhone
		{572B92A7-10C3-4533-8144-EA8FBBE70E90}.Debug|ARM.ActiveCfg = Debug|iPhone
		{572B92A7-10C3-4533-8144-EA8FBBE70E90}.Debug|ARM.Build.0 = Debug|iPhone
		{572B92A7-10C3-4533-8144-EA8FBBE70E90}.Debug|ARM.Deploy.0 = Debug|iPhone
		{572B92A7-10C3-4533-8144-EA8FBBE70E90}.Debug|iPhone.ActiveCfg = Debug|iPhone
		{572B92A7-10C3-4533-8144-EA8FBBE70E90}.Debug|iPhone.Build.0 = Debug|iPhone
		{572B92A7-10C3-4533-8144-EA8FBBE70E90}.Debug|iPhone.Deploy.0 = Debug|iPhone
		{572B92A7-10C3-4533-8144-EA8FBBE70E90}.Debug|iPhoneSimulator.ActiveCfg = Debug|iPhoneSimulator
		{572B92A7-10C3-4533-8144-EA8FBBE70E90}.Debug|iPhoneSimulator.Build.0 = Debug|iPhoneSimulator
		{572B92A7-10C3-4533-8144-EA8FBBE70E90}.Debug|iPhoneSimulator.Deploy.0 = Debug|iPhoneSimulator
		{572B92A7-10C3-4533-8144-EA8FBBE70E90}.Debug|x64.ActiveCfg = Debug|iPhone
		{572B92A7-10C3-4533-8144-EA8FBBE70E90}.Debug|x64.Build.0 = Debug|iPhone
		{572B92A7-10C3-4533-8144-EA8FBBE70E90}.Debug|x64.Deploy.0 = Debug|iPhone
		{572B92A7-10C3-4533-8144-EA8FBBE70E90}.Debug|x86.ActiveCfg = Debug|iPhone
		{572B92A7-10C3-4533-8144-EA8FBBE70E90}.Debug|x86.Build.0 = Debug|iPhone
		{572B92A7-10C3-4533-8144-EA8FBBE70E90}.Debug|x86.Deploy.0 = Debug|iPhone
		{572B92A7-10C3-4533-8144-EA8FBBE70E90}.Release|Any CPU.ActiveCfg = Release|iPhone
		{572B92A7-10C3-4533-8144-EA8FBBE70E90}.Release|Any CPU.Build.0 = Release|iPhone
		{572B92A7-10C3-4533-8144-EA8FBBE70E90}.Release|Any CPU.Deploy.0 = Release|iPhone
		{572B92A7-10C3-4533-8144-EA8FBBE70E90}.Release|ARM.ActiveCfg = Release|iPhone
		{572B92A7-10C3-4533-8144-EA8FBBE70E90}.Release|ARM.Build.0 = Release|iPhone
		{572B92A7-10C3-4533-8144-EA8FBBE70E90}.Release|ARM.Deploy.0 = Release|iPhone
		{572B92A7-10C3-4533-8144-EA8FBBE70E90}.Release|iPhone.ActiveCfg = Release|iPhone
		{572B92A7-10C3-4533-8144-EA8FBBE70E90}.Release|iPhone.Build.0 = Release|iPhone
		{572B92A7-10C3-4533-8144-EA8FBBE70E90}.Release|iPhone.Deploy.0 = Release|iPhone
		{572B92A7-10C3-4533-8144-EA8FBBE70E90}.Release|iPhoneSimulator.ActiveCfg = Release|iPhoneSimulator
		{572B92A7-10C3-4533-8144-EA8FBBE70E90}.Release|iPhoneSimulator.Build.0 = Release|iPhoneSimulator
		{572B92A7-10C3-4533-8144-EA8FBBE70E90}.Release|iPhoneSimulator.Deploy.0 = Release|iPhoneSimulator
		{572B92A7-10C3-4533-8144-EA8FBBE70E90}.Release|x64.ActiveCfg = Release|iPhone
		{572B92A7-10C3-4533-8144-EA8FBBE70E90}.Release|x64.Build.0 = Release|iPhone
		{572B92A7-10C3-4533-8144-EA8FBBE70E90}.Release|x64.Deploy.0 = Release|iPhone
		{572B92A7-10C3-4533-8144-EA8FBBE70E90}.Release|x86.ActiveCfg = Release|iPhone
		{572B92A7-10C3-4533-8144-EA8FBBE70E90}.Release|x86.Build.0 = Release|iPhone
		{572B92A7-10C3-4533-8144-EA8FBBE70E90}.Release|x86.Deploy.0 = Release|iPhone
		{0A72DDEC-3559-47BB-A430-5DD6AEA628B1}.Debug|Any CPU.ActiveCfg = Debug|Any CPU
		{0A72DDEC-3559-47BB-A430-5DD6AEA628B1}.Debug|Any CPU.Build.0 = Debug|Any CPU
		{0A72DDEC-3559-47BB-A430-5DD6AEA628B1}.Debug|Any CPU.Deploy.0 = Debug|Any CPU
		{0A72DDEC-3559-47BB-A430-5DD6AEA628B1}.Debug|ARM.ActiveCfg = Debug|Any CPU
		{0A72DDEC-3559-47BB-A430-5DD6AEA628B1}.Debug|ARM.Build.0 = Debug|Any CPU
		{0A72DDEC-3559-47BB-A430-5DD6AEA628B1}.Debug|ARM.Deploy.0 = Debug|Any CPU
		{0A72DDEC-3559-47BB-A430-5DD6AEA628B1}.Debug|iPhone.ActiveCfg = Debug|Any CPU
		{0A72DDEC-3559-47BB-A430-5DD6AEA628B1}.Debug|iPhone.Build.0 = Debug|Any CPU
		{0A72DDEC-3559-47BB-A430-5DD6AEA628B1}.Debug|iPhone.Deploy.0 = Debug|Any CPU
		{0A72DDEC-3559-47BB-A430-5DD6AEA628B1}.Debug|iPhoneSimulator.ActiveCfg = Debug|Any CPU
		{0A72DDEC-3559-47BB-A430-5DD6AEA628B1}.Debug|iPhoneSimulator.Build.0 = Debug|Any CPU
		{0A72DDEC-3559-47BB-A430-5DD6AEA628B1}.Debug|iPhoneSimulator.Deploy.0 = Debug|Any CPU
		{0A72DDEC-3559-47BB-A430-5DD6AEA628B1}.Debug|x64.ActiveCfg = Debug|Any CPU
		{0A72DDEC-3559-47BB-A430-5DD6AEA628B1}.Debug|x64.Build.0 = Debug|Any CPU
		{0A72DDEC-3559-47BB-A430-5DD6AEA628B1}.Debug|x64.Deploy.0 = Debug|Any CPU
		{0A72DDEC-3559-47BB-A430-5DD6AEA628B1}.Debug|x86.ActiveCfg = Debug|Any CPU
		{0A72DDEC-3559-47BB-A430-5DD6AEA628B1}.Debug|x86.Build.0 = Debug|Any CPU
		{0A72DDEC-3559-47BB-A430-5DD6AEA628B1}.Debug|x86.Deploy.0 = Debug|Any CPU
		{0A72DDEC-3559-47BB-A430-5DD6AEA628B1}.Release|Any CPU.ActiveCfg = Release|Any CPU
		{0A72DDEC-3559-47BB-A430-5DD6AEA628B1}.Release|Any CPU.Build.0 = Release|Any CPU
		{0A72DDEC-3559-47BB-A430-5DD6AEA628B1}.Release|Any CPU.Deploy.0 = Release|Any CPU
		{0A72DDEC-3559-47BB-A430-5DD6AEA628B1}.Release|ARM.ActiveCfg = Release|Any CPU
		{0A72DDEC-3559-47BB-A430-5DD6AEA628B1}.Release|ARM.Build.0 = Release|Any CPU
		{0A72DDEC-3559-47BB-A430-5DD6AEA628B1}.Release|ARM.Deploy.0 = Release|Any CPU
		{0A72DDEC-3559-47BB-A430-5DD6AEA628B1}.Release|iPhone.ActiveCfg = Release|Any CPU
		{0A72DDEC-3559-47BB-A430-5DD6AEA628B1}.Release|iPhone.Build.0 = Release|Any CPU
		{0A72DDEC-3559-47BB-A430-5DD6AEA628B1}.Release|iPhone.Deploy.0 = Release|Any CPU
		{0A72DDEC-3559-47BB-A430-5DD6AEA628B1}.Release|iPhoneSimulator.ActiveCfg = Release|Any CPU
		{0A72DDEC-3559-47BB-A430-5DD6AEA628B1}.Release|iPhoneSimulator.Build.0 = Release|Any CPU
		{0A72DDEC-3559-47BB-A430-5DD6AEA628B1}.Release|iPhoneSimulator.Deploy.0 = Release|Any CPU
		{0A72DDEC-3559-47BB-A430-5DD6AEA628B1}.Release|x64.ActiveCfg = Release|Any CPU
		{0A72DDEC-3559-47BB-A430-5DD6AEA628B1}.Release|x64.Build.0 = Release|Any CPU
		{0A72DDEC-3559-47BB-A430-5DD6AEA628B1}.Release|x64.Deploy.0 = Release|Any CPU
		{0A72DDEC-3559-47BB-A430-5DD6AEA628B1}.Release|x86.ActiveCfg = Release|Any CPU
		{0A72DDEC-3559-47BB-A430-5DD6AEA628B1}.Release|x86.Build.0 = Release|Any CPU
		{0A72DDEC-3559-47BB-A430-5DD6AEA628B1}.Release|x86.Deploy.0 = Release|Any CPU
	EndGlobalSection
	GlobalSection(SolutionProperties) = preSolution
		HideSolutionNode = FALSE
	EndGlobalSection
	GlobalSection(ExtensibilityGlobals) = postSolution
		SolutionGuid = {2276771B-DE10-4ECD-815F-114BD2EB6486}
	EndGlobalSection
EndGlobal
